{
  "requires": true,
  "lockfileVersion": 1,
  "dependencies": {
    "animated-scroll-to": {
      "version": "1.2.1",
      "resolved": "https://registry.npmjs.org/animated-scroll-to/-/animated-scroll-to-1.2.1.tgz",
      "integrity": "sha512-8BkXyeSfo5LmG1t5Q8Qw6vltL0/XxrOnntiS5mVggpL9YxZ7j/zgj6NcGI+puoTzjLs/ijf2P/czWWVwrqvbOg=="
    },
    "bootstrap": {
      "version": "3.3.7",
      "resolved": "https://registry.npmjs.org/bootstrap/-/bootstrap-3.3.7.tgz",
      "integrity": "sha1-WjiTlFSfIzMIdaOxUGVldPip63E="
    }
  }
}
